{
    "_readme": [
        "This file locks the dependencies of your project to a known state",
        "Read more about it at https://getcomposer.org/doc/01-basic-usage.md#installing-dependencies",
        "This file is @generated automatically"
    ],
    "content-hash": "03beee8e59577e8cf6458a5c8af943a2",
    "packages": [
        {
            "name": "neitanod/forceutf8",
            "version": "dev-master",
            "source": {
                "type": "git",
                "url": "https://github.com/neitanod/forceutf8.git",
                "reference": "c1fbe70bfb5ad41b8ec5785056b0e308b40d4831"
            },
            "dist": {
                "type": "zip",
                "url": "https://api.github.com/repos/neitanod/forceutf8/zipball/c1fbe70bfb5ad41b8ec5785056b0e308b40d4831",
                "reference": "c1fbe70bfb5ad41b8ec5785056b0e308b40d4831",
                "shasum": ""
            },
            "require": {
                "php": ">=5.3.0"
            },
            "default-branch": true,
            "type": "library",
            "autoload": {
                "psr-0": {
                    "ForceUTF8\\": "src/"
                }
            },
            "notification-url": "https://packagist.org/downloads/",
            "license": [
                "BSD-3-Clause"
            ],
            "authors": [
                {
                    "name": "Sebastián Grignoli",
                    "email": "grignoli@gmail.com"
                }
            ],
            "description": "PHP Class Encoding featuring popular Encoding::toUTF8() function --formerly known as forceUTF8()-- that fixes mixed encoded strings.",
            "homepage": "https://github.com/neitanod/forceutf8",
            "support": {
                "issues": "https://github.com/neitanod/forceutf8/issues",
                "source": "https://github.com/neitanod/forceutf8/tree/v2.0.4"
            },
            "time": "2019-12-10T14:09:14+00:00"
        },
        {
            "name": "wikimedia/deadlinkchecker",
            "version": "dev-master",
            "source": {
                "type": "git",
                "url": "https://github.com/wikimedia/DeadlinkChecker.git",
                "reference": "146f639871b4f209bafaf2b9b635294c1849c55a"
            },
            "dist": {
                "type": "zip",
                "url": "https://api.github.com/repos/wikimedia/DeadlinkChecker/zipball/146f639871b4f209bafaf2b9b635294c1849c55a",
                "reference": "146f639871b4f209bafaf2b9b635294c1849c55a",
                "shasum": ""
            },
            "require": {
                "ext-curl": "*",
                "lib-curl": ">=7.15.1",
                "php": ">=5.5.9"
            },
            "replace": {
                "niharika29/deadlinkchecker": "*"
            },
            "require-dev": {
                "jakub-onderka/php-parallel-lint": "~0.8",
                "mediawiki/mediawiki-codesniffer": "0.7.2",
                "phpunit/phpunit": "~4.8|~5.0"
            },
            "default-branch": true,
            "type": "library",
            "autoload": {
                "psr-4": {
                    "Wikimedia\\DeadlinkChecker\\": "src/"
                }
            },
            "scripts": {
                "fix": [
                    "phpcbf"
                ],
                "test": [
                    "composer validate --no-interaction",
                    "parallel-lint . --exclude vendor",
                    "phpunit",
                    "phpcs -p"
                ]
            },
            "license": [
                "GPL-3.0-or-later"
            ],
            "authors": [
                {
                    "name": "Niharika Kohli",
                    "email": "niharikakohli29@gmail.com",
                    "role": "Developer"
                },
                {
                    "name": "Maximilian Doerr",
                    "email": "maximilian.doerr@gmail.com",
                    "role": "Developer"
                }
            ],
            "description": "Library for checking if a given link is dead or alive",
            "homepage": "https://www.mediawiki.org/wiki/DeadlinkChecker",
            "keywords": [
                "deadlink",
                "link"
            ],
            "support": {
                "source": "https://github.com/wikimedia/DeadlinkChecker/tree/master",
                "issues": "https://github.com/wikimedia/DeadlinkChecker/issues"
            },
            "time": "2020-10-27T20:28:56+00:00"
        },
        {
            "name": "wikimedia/utfnormal",
            "version": "dev-master",
            "source": {
                "type": "git",
                "url": "https://github.com/wikimedia/utfnormal.git",
                "reference": "08157146272bcca414475a9353222426b8e0e6c5"
            },
            "dist": {
                "type": "zip",
                "url": "https://api.github.com/repos/wikimedia/utfnormal/zipball/08157146272bcca414475a9353222426b8e0e6c5",
                "reference": "08157146272bcca414475a9353222426b8e0e6c5",
                "shasum": ""
            },
            "require": {
                "php": ">=7.2.9"
            },
            "require-dev": {
                "ext-mbstring": "*",
                "mediawiki/mediawiki-codesniffer": "33.0.0",
                "mediawiki/minus-x": "1.1.0",
                "ockcyp/covers-validator": "1.3.1",
                "php-parallel-lint/php-console-highlighter": "0.5.0",
                "php-parallel-lint/php-parallel-lint": "1.2.0",
                "phpunit/phpunit": "^8.5"
            },
            "default-branch": true,
            "type": "library",
            "autoload": {
                "classmap": [
                    "src/"
                ]
            },
            "notification-url": "https://packagist.org/downloads/",
            "license": [
                "GPL-2.0-or-later"
            ],
            "authors": [
                {
                    "name": "Brion Vibber",
                    "email": "bvibber@wikimedia.org"
                }
            ],
            "description": "Contains Unicode normalization routines, including both pure PHP implementations and automatic use of the 'intl' PHP extension when present",
            "homepage": "https://www.mediawiki.org/wiki/utfnormal",
            "support": {
                "source": "https://github.com/wikimedia/utfnormal/tree/master"
            },
            "time": "2020-12-01T06:18:47+00:00"
        }
    ],
    "packages-dev": [],
    "aliases": [],
    "minimum-stability": "stable",
    "stability-flags": {
        "wikimedia/deadlinkchecker": 20,
        "neitanod/forceutf8": 20,
        "wikimedia/utfnormal": 20
    },
    "prefer-stable": false,
    "prefer-lowest": false,
    "platform": [],
    "platform-dev": [],
    "plugin-api-version": "2.0.0"
}
