{
    "_readme": [
        "This file locks the dependencies of your project to a known state",
        "Read more about it at https://getcomposer.org/doc/01-basic-usage.md#composer-lock-the-lock-file",
        "This file is @generated automatically"
    ],
    "hash": "5c3c4322831a19688c91948c3f66a9eb",
    "content-hash": "03beee8e59577e8cf6458a5c8af943a2",
    "packages": [
        {
            "name": "neitanod/forceutf8",
            "version": "dev-master",
            "source": {
                "type": "git",
                "url": "https://github.com/neitanod/forceutf8.git",
                "reference": "c4222087168fe8476bde930e2ad04d111f36f53b"
            },
            "dist": {
                "type": "zip",
                "url": "https://api.github.com/repos/neitanod/forceutf8/zipball/c4222087168fe8476bde930e2ad04d111f36f53b",
                "reference": "c4222087168fe8476bde930e2ad04d111f36f53b",
                "shasum": ""
            },
            "require": {
                "php": ">=5.3.0"
            },
            "type": "library",
            "autoload": {
                "psr-0": {
                    "ForceUTF8\\": "src/"
                }
            },
            "notification-url": "https://packagist.org/downloads/",
            "license": [
                "BSD-3-Clause"
            ],
            "authors": [
                {
                    "name": "Sebastián Grignoli",
                    "email": "grignoli@gmail.com"
                }
            ],
            "description": "PHP Class Encoding featuring popular Encoding::toUTF8() function --formerly known as forceUTF8()-- that fixes mixed encoded strings.",
            "homepage": "https://github.com/neitanod/forceutf8",
            "time": "2019-04-05 04:08:01"
        },
        {
            "name": "wikimedia/deadlinkchecker",
            "version": "dev-master",
            "source": {
                "type": "git",
                "url": "https://github.com/wikimedia/DeadlinkChecker.git",
                "reference": "c17b4a86807cd16624b3b44c3aa7e4d8ae6c3994"
            },
            "dist": {
                "type": "zip",
                "url": "https://api.github.com/repos/wikimedia/DeadlinkChecker/zipball/c17b4a86807cd16624b3b44c3aa7e4d8ae6c3994",
                "reference": "c17b4a86807cd16624b3b44c3aa7e4d8ae6c3994",
                "shasum": ""
            },
            "require": {
                "ext-curl": "*",
                "lib-curl": ">=7.15.1",
                "php": ">=5.5.9"
            },
            "replace": {
                "niharika29/deadlinkchecker": "*"
            },
            "require-dev": {
                "jakub-onderka/php-parallel-lint": "~0.8",
                "mediawiki/mediawiki-codesniffer": "0.7.2",
                "phpunit/phpunit": "~4.8|~5.0"
            },
            "type": "library",
            "autoload": {
                "psr-4": {
                    "Wikimedia\\DeadlinkChecker\\": "src/"
                }
            },
            "scripts": {
                "fix": [
                    "phpcbf"
                ],
                "test": [
                    "composer validate --no-interaction",
                    "parallel-lint . --exclude vendor",
                    "phpunit",
                    "phpcs -p"
                ]
            },
            "license": [
                "GPL-3.0-or-later"
            ],
            "authors": [
                {
                    "name": "Niharika Kohli",
                    "email": "niharikakohli29@gmail.com",
                    "role": "Developer"
                },
                {
                    "name": "Maximilian Doerr",
                    "email": "maximilian.doerr@gmail.com",
                    "role": "Developer"
                }
            ],
            "description": "Library for checking if a given link is dead or alive",
            "homepage": "https://www.mediawiki.org/wiki/DeadlinkChecker",
            "keywords": [
                "deadlink",
                "link"
            ],
            "support": {
                "source": "https://github.com/wikimedia/DeadlinkChecker/tree/master",
                "issues": "https://github.com/wikimedia/DeadlinkChecker/issues"
            },
            "time": "2019-05-23 20:36:54"
        },
        {
            "name": "wikimedia/utfnormal",
            "version": "dev-master",
            "source": {
                "type": "git",
                "url": "https://github.com/wikimedia/utfnormal.git",
                "reference": "6326a0dd022fc36d1418bc44d55dfe330b33684b"
            },
            "dist": {
                "type": "zip",
                "url": "https://api.github.com/repos/wikimedia/utfnormal/zipball/6326a0dd022fc36d1418bc44d55dfe330b33684b",
                "reference": "6326a0dd022fc36d1418bc44d55dfe330b33684b",
                "shasum": ""
            },
            "require": {
                "php": ">=5.6.99"
            },
            "require-dev": {
                "ext-mbstring": "*",
                "jakub-onderka/php-console-highlighter": "0.3.2",
                "jakub-onderka/php-parallel-lint": "1.0.0",
                "mediawiki/mediawiki-codesniffer": "26.0.0",
                "mediawiki/minus-x": "0.3.1",
                "ockcyp/covers-validator": "0.5.1 || 0.6.1",
                "phpunit/phpunit": "4.8.36 || ^6.5"
            },
            "type": "library",
            "autoload": {
                "classmap": [
                    "src/"
                ]
            },
            "notification-url": "https://packagist.org/downloads/",
            "license": [
                "GPL-2.0-or-later"
            ],
            "authors": [
                {
                    "name": "Brion Vibber",
                    "email": "bvibber@wikimedia.org"
                }
            ],
            "description": "Contains Unicode normalization routines, including both pure PHP implementations and automatic use of the 'intl' PHP extension when present",
            "homepage": "https://www.mediawiki.org/wiki/utfnormal",
            "time": "2019-08-03 08:17:28"
        }
    ],
    "packages-dev": [],
    "aliases": [],
    "minimum-stability": "stable",
    "stability-flags": {
        "wikimedia/deadlinkchecker": 20,
        "neitanod/forceutf8": 20,
        "wikimedia/utfnormal": 20
    },
    "prefer-stable": false,
    "prefer-lowest": false,
    "platform": [],
    "platform-dev": []
}
